
Microsoft Visual Studio Solution File, Format Version 12.00
# Visual Studio Version 17
VisualStudioVersion = 17.7.34024.191
MinimumVisualStudioVersion = 10.0.40219.1
Project("{FAE04EC0-301F-11D3-BF4B-00C04F79EFBC}") = "practica 5", "practica 5\practica 5.csproj", "{659E6495-F732-49A2-B30A-C972901897DF}"
EndProject
Global
	GlobalSection(SolutionConfigurationPlatforms) = preSolution
		Debug|Any CPU = Debug|Any CPU
		Release|Any CPU = Release|Any CPU
	EndGlobalSection
	GlobalSection(ProjectConfigurationPlatforms) = postSolution
		{659E6495-F732-49A2-B30A-C972901897DF}.Debug|Any CPU.ActiveCfg = Debug|Any CPU
		{659E6495-F732-49A2-B30A-C972901897DF}.Debug|Any CPU.Build.0 = Debug|Any CPU
		{659E6495-F732-49A2-B30A-C972901897DF}.Release|Any CPU.ActiveCfg = Release|Any CPU
		{659E6495-F732-49A2-B30A-C972901897DF}.Release|Any CPU.Build.0 = Release|Any CPU
	EndGlobalSection
	GlobalSection(SolutionProperties) = preSolution
		HideSolutionNode = FALSE
	EndGlobalSection
	GlobalSection(ExtensibilityGlobals) = postSolution
		SolutionGuid = {816BA8E6-3600-410C-A462-FB5ED1EBB9CD}
	EndGlobalSection
EndGlobal
